
Microsoft Visual Studio Solution File, Format Version 12.00
# Visual Studio Version 17
VisualStudioVersion = 17.7.34031.279
MinimumVisualStudioVersion = 10.0.40219.1
Project("{8BC9CEB8-8B4A-11D0-8D11-00A0C91BC942}") = "Lab 5.4", "Lab 5.4\Lab 5.4.vcxproj", "{78BB6432-D15A-46BE-8A74-8336FEDA33CE}"
EndProject
Project("{8BC9CEB8-8B4A-11D0-8D11-00A0C91BC942}") = "UnitTest1", "UnitTest1\UnitTest1.vcxproj", "{201FC7B9-62AD-4436-83E9-9C4B2B2A152B}"
EndProject
Global
	GlobalSection(SolutionConfigurationPlatforms) = preSolution
		Debug|x64 = Debug|x64
		Debug|x86 = Debug|x86
		Release|x64 = Release|x64
		Release|x86 = Release|x86
	EndGlobalSection
	GlobalSection(ProjectConfigurationPlatforms) = postSolution
		{78BB6432-D15A-46BE-8A74-8336FEDA33CE}.Debug|x64.ActiveCfg = Debug|x64
		{78BB6432-D15A-46BE-8A74-8336FEDA33CE}.Debug|x64.Build.0 = Debug|x64
		{78BB6432-D15A-46BE-8A74-8336FEDA33CE}.Debug|x86.ActiveCfg = Debug|Win32
		{78BB6432-D15A-46BE-8A74-8336FEDA33CE}.Debug|x86.Build.0 = Debug|Win32
		{78BB6432-D15A-46BE-8A74-8336FEDA33CE}.Release|x64.ActiveCfg = Release|x64
		{78BB6432-D15A-46BE-8A74-8336FEDA33CE}.Release|x64.Build.0 = Release|x64
		{78BB6432-D15A-46BE-8A74-8336FEDA33CE}.Release|x86.ActiveCfg = Release|Win32
		{78BB6432-D15A-46BE-8A74-8336FEDA33CE}.Release|x86.Build.0 = Release|Win32
		{201FC7B9-62AD-4436-83E9-9C4B2B2A152B}.Debug|x64.ActiveCfg = Debug|x64
		{201FC7B9-62AD-4436-83E9-9C4B2B2A152B}.Debug|x64.Build.0 = Debug|x64
		{201FC7B9-62AD-4436-83E9-9C4B2B2A152B}.Debug|x86.ActiveCfg = Debug|Win32
		{201FC7B9-62AD-4436-83E9-9C4B2B2A152B}.Debug|x86.Build.0 = Debug|Win32
		{201FC7B9-62AD-4436-83E9-9C4B2B2A152B}.Release|x64.ActiveCfg = Release|x64
		{201FC7B9-62AD-4436-83E9-9C4B2B2A152B}.Release|x64.Build.0 = Release|x64
		{201FC7B9-62AD-4436-83E9-9C4B2B2A152B}.Release|x86.ActiveCfg = Release|Win32
		{201FC7B9-62AD-4436-83E9-9C4B2B2A152B}.Release|x86.Build.0 = Release|Win32
	EndGlobalSection
	GlobalSection(SolutionProperties) = preSolution
		HideSolutionNode = FALSE
	EndGlobalSection
	GlobalSection(ExtensibilityGlobals) = postSolution
		SolutionGuid = {7B548E3E-1F99-4B0F-AF8A-B0A1F4130AC5}
	EndGlobalSection
EndGlobal
